
Microsoft Visual Studio Solution File, Format Version 12.00
# Visual Studio Version 17
VisualStudioVersion = 17.14.37012.4
MinimumVisualStudioVersion = 10.0.40219.1
Project("{FAE04EC0-301F-11D3-BF4B-00C04F79EFBC}") = "ServiceA", "DatabaseDrivers\ServiceA.csproj", "{BFDA06CA-261A-48E3-AF9F-DAD24E13ABE2}"
EndProject
Project("{FAE04EC0-301F-11D3-BF4B-00C04F79EFBC}") = "ServiceB", "ServiceB\ServiceB.csproj", "{1A0E67FA-7816-4CA7-9682-7127790F200B}"
EndProject
Project("{FAE04EC0-301F-11D3-BF4B-00C04F79EFBC}") = "ServiceShared", "ServiceShared\ServiceShared.csproj", "{A6C86DAA-F993-4618-BAC0-77CA56927341}"
EndProject
Project("{FAE04EC0-301F-11D3-BF4B-00C04F79EFBC}") = "ServiceC", "ServiceC\ServiceC.csproj", "{7EF9CE92-0EC8-47E1-80C0-5CD0674BC9AC}"
EndProject
Global
	GlobalSection(SolutionConfigurationPlatforms) = preSolution
		Debug|Any CPU = Debug|Any CPU
		Release|Any CPU = Release|Any CPU
	EndGlobalSection
	GlobalSection(ProjectConfigurationPlatforms) = postSolution
		{BFDA06CA-261A-48E3-AF9F-DAD24E13ABE2}.Debug|Any CPU.ActiveCfg = Debug|Any CPU
		{BFDA06CA-261A-48E3-AF9F-DAD24E13ABE2}.Debug|Any CPU.Build.0 = Debug|Any CPU
		{BFDA06CA-261A-48E3-AF9F-DAD24E13ABE2}.Release|Any CPU.ActiveCfg = Release|Any CPU
		{BFDA06CA-261A-48E3-AF9F-DAD24E13ABE2}.Release|Any CPU.Build.0 = Release|Any CPU
		{1A0E67FA-7816-4CA7-9682-7127790F200B}.Debug|Any CPU.ActiveCfg = Debug|Any CPU
		{1A0E67FA-7816-4CA7-9682-7127790F200B}.Debug|Any CPU.Build.0 = Debug|Any CPU
		{1A0E67FA-7816-4CA7-9682-7127790F200B}.Release|Any CPU.ActiveCfg = Release|Any CPU
		{1A0E67FA-7816-4CA7-9682-7127790F200B}.Release|Any CPU.Build.0 = Release|Any CPU
		{A6C86DAA-F993-4618-BAC0-77CA56927341}.Debug|Any CPU.ActiveCfg = Debug|Any CPU
		{A6C86DAA-F993-4618-BAC0-77CA56927341}.Debug|Any CPU.Build.0 = Debug|Any CPU
		{A6C86DAA-F993-4618-BAC0-77CA56927341}.Release|Any CPU.ActiveCfg = Release|Any CPU
		{A6C86DAA-F993-4618-BAC0-77CA56927341}.Release|Any CPU.Build.0 = Release|Any CPU
		{7EF9CE92-0EC8-47E1-80C0-5CD0674BC9AC}.Debug|Any CPU.ActiveCfg = Debug|Any CPU
		{7EF9CE92-0EC8-47E1-80C0-5CD0674BC9AC}.Debug|Any CPU.Build.0 = Debug|Any CPU
		{7EF9CE92-0EC8-47E1-80C0-5CD0674BC9AC}.Release|Any CPU.ActiveCfg = Release|Any CPU
		{7EF9CE92-0EC8-47E1-80C0-5CD0674BC9AC}.Release|Any CPU.Build.0 = Release|Any CPU
	EndGlobalSection
	GlobalSection(SolutionProperties) = preSolution
		HideSolutionNode = FALSE
	EndGlobalSection
	GlobalSection(ExtensibilityGlobals) = postSolution
		SolutionGuid = {ABDAAA32-ACB3-4EC0-93B7-AF44F0B546BA}
	EndGlobalSection
EndGlobal
